
Microsoft Visual Studio Solution File, Format Version 12.00
# Visual Studio Version 16
VisualStudioVersion = 16.0.29613.14
MinimumVisualStudioVersion = 10.0.40219.1
Project("{FAE04EC0-301F-11D3-BF4B-00C04F79EFBC}") = "ScientificResearch", "ScientificResearch\ScientificResearch.csproj", "{654AF2F9-C790-429E-A68B-377EA7DFD57C}"
EndProject
Global
	GlobalSection(SolutionConfigurationPlatforms) = preSolution
		Debug|Any CPU = Debug|Any CPU
		Release|Any CPU = Release|Any CPU
	EndGlobalSection
	GlobalSection(ProjectConfigurationPlatforms) = postSolution
		{654AF2F9-C790-429E-A68B-377EA7DFD57C}.Debug|Any CPU.ActiveCfg = Debug|Any CPU
		{654AF2F9-C790-429E-A68B-377EA7DFD57C}.Debug|Any CPU.Build.0 = Debug|Any CPU
		{654AF2F9-C790-429E-A68B-377EA7DFD57C}.Release|Any CPU.ActiveCfg = Release|Any CPU
		{654AF2F9-C790-429E-A68B-377EA7DFD57C}.Release|Any CPU.Build.0 = Release|Any CPU
	EndGlobalSection
	GlobalSection(SolutionProperties) = preSolution
		HideSolutionNode = FALSE
	EndGlobalSection
	GlobalSection(ExtensibilityGlobals) = postSolution
		SolutionGuid = {1C3E8E74-F621-4D13-AED5-1BF83D86D10A}
	EndGlobalSection
EndGlobal
